
Microsoft Visual Studio Solution File, Format Version 12.00
Project("{FAE04EC0-301F-11D3-BF4B-00C04F79EFBC}") = "Lab3 newproject", "Lab3 newproject\Lab3 newproject.csproj", "{ED7A3404-84E3-4775-9A2F-19CBE2DABC98}"
EndProject
Global
	GlobalSection(SolutionConfigurationPlatforms) = preSolution
		Debug|Any CPU = Debug|Any CPU
		Release|Any CPU = Release|Any CPU
	EndGlobalSection
	GlobalSection(ProjectConfigurationPlatforms) = postSolution
		{ED7A3404-84E3-4775-9A2F-19CBE2DABC98}.Debug|Any CPU.ActiveCfg = Debug|Any CPU
		{ED7A3404-84E3-4775-9A2F-19CBE2DABC98}.Debug|Any CPU.Build.0 = Debug|Any CPU
		{ED7A3404-84E3-4775-9A2F-19CBE2DABC98}.Release|Any CPU.ActiveCfg = Release|Any CPU
		{ED7A3404-84E3-4775-9A2F-19CBE2DABC98}.Release|Any CPU.Build.0 = Release|Any CPU
	EndGlobalSection
EndGlobal
